PODS:
  - WolfFoundation (1.0.4):
    - WolfNumerics
    - WolfPipe
  - WolfNumerics (2.0.2)
  - WolfPipe (1.0.7)
  - WolfSec (1.0.2):
    - WolfFoundation
    - WolfPipe

DEPENDENCIES:
  - WolfSec (from `../`)

SPEC REPOS:
  https://github.com/cocoapods/specs.git:
    - WolfFoundation
    - WolfNumerics
    - WolfPipe

EXTERNAL SOURCES:
  WolfSec:
    :path: "../"

SPEC CHECKSUMS:
  WolfFoundation: 3badcb644013c8ab0329277474c9592ed8701d25
  WolfNumerics: a63222a42b4c3835e1a1cb489a71abb890f0d910
  WolfPipe: 1a2cbb23efb14833647a2adcc034468bf82a289e
  WolfSec: 305c28ce6b0a471766cb4bc665598737c2b45c24

PODFILE CHECKSUM: 9cb6539a3864157c29728f144b64f0fc385489de

COCOAPODS: 1.6.0.beta.1
